
Microsoft Visual Studio Solution File, Format Version 11.00
# Visual Studio 2010
Project("{FAE04EC0-301F-11D3-BF4B-00C04F79EFBC}") = "Unity.Timeline", "Unity.Timeline.csproj", "{588c877c-1444-fdc3-5c77-ccfd55df613d}"
EndProject
Project("{FAE04EC0-301F-11D3-BF4B-00C04F79EFBC}") = "Unity.Timeline.Editor", "Unity.Timeline.Editor.csproj", "{84220237-3aa4-d405-d19f-9f4a78d6c27d}"
EndProject
Project("{FAE04EC0-301F-11D3-BF4B-00C04F79EFBC}") = "Unity.ShaderGraph.Editor", "Unity.ShaderGraph.Editor.csproj", "{e24d252d-7174-9106-a8d6-00fb0f8e3136}"
EndProject
Project("{FAE04EC0-301F-11D3-BF4B-00C04F79EFBC}") = "Unity.RenderPipelines.Universal.Editor", "Unity.RenderPipelines.Universal.Editor.csproj", "{16bf0f0c-b27c-931f-7888-7b117525e33f}"
EndProject
Project("{FAE04EC0-301F-11D3-BF4B-00C04F79EFBC}") = "Unity.TextMeshPro.Editor", "Unity.TextMeshPro.Editor.csproj", "{6f120c1d-53e2-5efc-64e5-78db1f5a8ee7}"
EndProject
Project("{FAE04EC0-301F-11D3-BF4B-00C04F79EFBC}") = "Unity.VisualScripting.Flow", "Unity.VisualScripting.Flow.csproj", "{dd4c2ac4-dd3b-7add-788c-5d8c40bbea3a}"
EndProject
Project("{FAE04EC0-301F-11D3-BF4B-00C04F79EFBC}") = "Unity.RenderPipelines.Universal.Runtime", "Unity.RenderPipelines.Universal.Runtime.csproj", "{7dcc055a-4e6e-f2db-e073-962155b34840}"
EndProject
Project("{FAE04EC0-301F-11D3-BF4B-00C04F79EFBC}") = "UnityEditor.UI", "UnityEditor.UI.csproj", "{fe52b659-9f3a-e73b-4db6-7c1b355826ad}"
EndProject
Project("{FAE04EC0-301F-11D3-BF4B-00C04F79EFBC}") = "Unity.PlasticSCM.Editor", "Unity.PlasticSCM.Editor.csproj", "{05fca6fc-a7d0-f5e8-df79-4feabd904075}"
EndProject
Project("{FAE04EC0-301F-11D3-BF4B-00C04F79EFBC}") = "Unity.RenderPipelines.Core.Runtime", "Unity.RenderPipelines.Core.Runtime.csproj", "{8e931bf9-07f4-f94f-a23c-53ebcb23d291}"
EndProject
Project("{FAE04EC0-301F-11D3-BF4B-00C04F79EFBC}") = "Unity.VisualScripting.Core", "Unity.VisualScripting.Core.csproj", "{c878d7ca-0743-c5ea-424d-0e81d2971808}"
EndProject
Project("{FAE04EC0-301F-11D3-BF4B-00C04F79EFBC}") = "Unity.Mathematics", "Unity.Mathematics.csproj", "{5cd85fe1-05e9-95d0-1cd2-587eb85f6f07}"
EndProject
Project("{FAE04EC0-301F-11D3-BF4B-00C04F79EFBC}") = "Unity.RenderPipelines.Core.Editor", "Unity.RenderPipelines.Core.Editor.csproj", "{b4bd0d25-583a-9f4e-fed9-cf5e9d22c7fb}"
EndProject
Project("{FAE04EC0-301F-11D3-BF4B-00C04F79EFBC}") = "Unity.VisualScripting.Core.Editor", "Unity.VisualScripting.Core.Editor.csproj", "{7dd95cb3-8d93-f590-e669-edb237dbd591}"
EndProject
Project("{FAE04EC0-301F-11D3-BF4B-00C04F79EFBC}") = "Unity.VisualScripting.Flow.Editor", "Unity.VisualScripting.Flow.Editor.csproj", "{36d7a9c1-0d41-3582-406e-a627dffea832}"
EndProject
Project("{FAE04EC0-301F-11D3-BF4B-00C04F79EFBC}") = "UnityEditor.TestRunner", "UnityEditor.TestRunner.csproj", "{f2285f92-45c0-d473-aa22-60b50039a9fc}"
EndProject
Project("{FAE04EC0-301F-11D3-BF4B-00C04F79EFBC}") = "Unity.VisualScripting.SettingsProvider.Editor", "Unity.VisualScripting.SettingsProvider.Editor.csproj", "{e2065215-294e-c5fe-9bea-cee2aca0000c}"
EndProject
Project("{FAE04EC0-301F-11D3-BF4B-00C04F79EFBC}") = "UnityEngine.TestRunner", "UnityEngine.TestRunner.csproj", "{36fa6c54-d9e8-e24e-495f-7a753b9da456}"
EndProject
Project("{FAE04EC0-301F-11D3-BF4B-00C04F79EFBC}") = "Unity.Searcher.Editor", "Unity.Searcher.Editor.csproj", "{fde2bc87-f1b5-11b1-b232-b097ba0152f5}"
EndProject
Project("{FAE04EC0-301F-11D3-BF4B-00C04F79EFBC}") = "Unity.Burst", "Unity.Burst.csproj", "{ae3c9349-2bbd-90e5-2af4-8c3ddc4c701e}"
EndProject
Project("{FAE04EC0-301F-11D3-BF4B-00C04F79EFBC}") = "UnityEngine.UI", "UnityEngine.UI.csproj", "{24d09f29-8d96-dcb5-232b-e9fe4681fdbe}"
EndProject
Project("{FAE04EC0-301F-11D3-BF4B-00C04F79EFBC}") = "Unity.VisualStudio.Editor", "Unity.VisualStudio.Editor.csproj", "{1c9205b0-e0a2-af32-f4cd-334264ee8866}"
EndProject
Project("{FAE04EC0-301F-11D3-BF4B-00C04F79EFBC}") = "PPv2URPConverters", "PPv2URPConverters.csproj", "{ac776735-2569-4b34-61b4-e864abdd8233}"
EndProject
Project("{FAE04EC0-301F-11D3-BF4B-00C04F79EFBC}") = "Assembly-CSharp", "Assembly-CSharp.csproj", "{ad8725f9-4e32-0213-02ec-3543793d15ce}"
EndProject
Project("{FAE04EC0-301F-11D3-BF4B-00C04F79EFBC}") = "Unity.Rider.Editor", "Unity.Rider.Editor.csproj", "{6f1b5871-5f54-ee18-dcae-bb5127c120be}"
EndProject
Project("{FAE04EC0-301F-11D3-BF4B-00C04F79EFBC}") = "Unity.VisualScripting.State.Editor", "Unity.VisualScripting.State.Editor.csproj", "{2635d633-50b4-3eba-7a97-d01f4c17f4bf}"
EndProject
Project("{FAE04EC0-301F-11D3-BF4B-00C04F79EFBC}") = "Unity.Burst.CodeGen", "Unity.Burst.CodeGen.csproj", "{a5c30335-7cae-64dd-291e-4441ffc6e61f}"
EndProject
Project("{FAE04EC0-301F-11D3-BF4B-00C04F79EFBC}") = "Unity.RenderPipeline.Universal.ShaderLibrary", "Unity.RenderPipeline.Universal.ShaderLibrary.csproj", "{fdfcc51a-f081-4212-f0ad-133aeee21b91}"
EndProject
Project("{FAE04EC0-301F-11D3-BF4B-00C04F79EFBC}") = "Unity.VisualScripting.State", "Unity.VisualScripting.State.csproj", "{14849d52-4f6c-2b44-da9e-c13985151796}"
EndProject
Project("{FAE04EC0-301F-11D3-BF4B-00C04F79EFBC}") = "Unity.TextMeshPro", "Unity.TextMeshPro.csproj", "{19c6fab9-6148-c205-078c-918c178147db}"
EndProject
Project("{FAE04EC0-301F-11D3-BF4B-00C04F79EFBC}") = "Unity.VSCode.Editor", "Unity.VSCode.Editor.csproj", "{7c03f130-bc13-8479-5e52-cb405bb7f7d8}"
EndProject
Project("{FAE04EC0-301F-11D3-BF4B-00C04F79EFBC}") = "Unity.Burst.Editor", "Unity.Burst.Editor.csproj", "{4223cb0e-b30c-c635-9be0-3f4abb57be5e}"
EndProject
Project("{FAE04EC0-301F-11D3-BF4B-00C04F79EFBC}") = "Unity.ShaderGraph.Utilities", "Unity.ShaderGraph.Utilities.csproj", "{e895a5d8-48ca-322b-0230-33a9cb82b126}"
EndProject
Project("{FAE04EC0-301F-11D3-BF4B-00C04F79EFBC}") = "Unity.Mathematics.Editor", "Unity.Mathematics.Editor.csproj", "{95fc5a36-c5ee-d316-920e-1f6d1162925c}"
EndProject
Project("{FAE04EC0-301F-11D3-BF4B-00C04F79EFBC}") = "Assembly-CSharp-Editor", "Assembly-CSharp-Editor.csproj", "{a5c702c1-e7d5-332e-5d39-9de610249445}"
EndProject
Project("{FAE04EC0-301F-11D3-BF4B-00C04F79EFBC}") = "Unity.VisualScripting.Shared.Editor", "Unity.VisualScripting.Shared.Editor.csproj", "{992ee1b4-3ea1-5464-e2f1-3a5c37c9fa78}"
EndProject
Project("{FAE04EC0-301F-11D3-BF4B-00C04F79EFBC}") = "Unity.CollabProxy.Editor", "Unity.CollabProxy.Editor.csproj", "{893ea060-6c90-d00b-6202-bb355605aeba}"
EndProject
Project("{FAE04EC0-301F-11D3-BF4B-00C04F79EFBC}") = "Unity.RenderPipelines.ShaderGraph.ShaderGraphLibrary", "Unity.RenderPipelines.ShaderGraph.ShaderGraphLibrary.csproj", "{b3b98917-1667-dd74-5df0-22a4a1f3bbe8}"
EndProject
Project("{FAE04EC0-301F-11D3-BF4B-00C04F79EFBC}") = "Unity.RenderPipelines.Core.ShaderLibrary", "Unity.RenderPipelines.Core.ShaderLibrary.csproj", "{f7188663-0078-02ed-0460-01261496844d}"
EndProject
Project("{FAE04EC0-301F-11D3-BF4B-00C04F79EFBC}") = "Unity.RenderPipelines.Universal.Shaders", "Unity.RenderPipelines.Universal.Shaders.csproj", "{948521ab-f6df-825d-19ae-774f232d440b}"
EndProject
Project("{FAE04EC0-301F-11D3-BF4B-00C04F79EFBC}") = "Unity.Timeline", "Unity.Timeline.Player.csproj", "{59ba17e3-9f38-1577-379b-d9d27b41b736}"
EndProject
Project("{FAE04EC0-301F-11D3-BF4B-00C04F79EFBC}") = "Unity.VisualScripting.Flow", "Unity.VisualScripting.Flow.Player.csproj", "{ceb7ee32-aa88-78d5-f7e1-be23bdc21b21}"
EndProject
Project("{FAE04EC0-301F-11D3-BF4B-00C04F79EFBC}") = "Unity.RenderPipelines.Universal.Runtime", "Unity.RenderPipelines.Universal.Runtime.Player.csproj", "{edd3867a-11f7-3e4f-63ac-35b4c7312889}"
EndProject
Project("{FAE04EC0-301F-11D3-BF4B-00C04F79EFBC}") = "Unity.RenderPipelines.Core.Runtime", "Unity.RenderPipelines.Core.Runtime.Player.csproj", "{ef521c36-843d-db33-694c-5c95166919dc}"
EndProject
Project("{FAE04EC0-301F-11D3-BF4B-00C04F79EFBC}") = "Unity.VisualScripting.Core", "Unity.VisualScripting.Core.Player.csproj", "{df470e1f-f96f-69a8-48b0-84a25228890a}"
EndProject
Project("{FAE04EC0-301F-11D3-BF4B-00C04F79EFBC}") = "Unity.Mathematics", "Unity.Mathematics.Player.csproj", "{8b426a7c-2bf2-bcee-8fc0-179e6d917957}"
EndProject
Project("{FAE04EC0-301F-11D3-BF4B-00C04F79EFBC}") = "UnityEngine.TestRunner", "UnityEngine.TestRunner.Player.csproj", "{51f30ba1-c5db-7714-fc49-6d3084dac8f4}"
EndProject
Project("{FAE04EC0-301F-11D3-BF4B-00C04F79EFBC}") = "Unity.Burst", "Unity.Burst.Player.csproj", "{fcbe46d6-804e-6ad8-fb39-704ff8fb958b}"
EndProject
Project("{FAE04EC0-301F-11D3-BF4B-00C04F79EFBC}") = "UnityEngine.UI", "UnityEngine.UI.Player.csproj", "{84094e26-12db-4dba-6f64-e7d933a85ea7}"
EndProject
Project("{FAE04EC0-301F-11D3-BF4B-00C04F79EFBC}") = "Assembly-CSharp", "Assembly-CSharp.Player.csproj", "{5d6768ad-4fb7-9384-d8d7-3c2a0e1494b0}"
EndProject
Project("{FAE04EC0-301F-11D3-BF4B-00C04F79EFBC}") = "Unity.RenderPipeline.Universal.ShaderLibrary", "Unity.RenderPipeline.Universal.ShaderLibrary.Player.csproj", "{2c6834b6-faba-0b9f-be67-b3edad0050f4}"
EndProject
Project("{FAE04EC0-301F-11D3-BF4B-00C04F79EFBC}") = "Unity.VisualScripting.State", "Unity.VisualScripting.State.Player.csproj", "{a351aea8-5625-528e-a51c-109c7c9043bd}"
EndProject
Project("{FAE04EC0-301F-11D3-BF4B-00C04F79EFBC}") = "Unity.TextMeshPro", "Unity.TextMeshPro.Player.csproj", "{7a3520f5-00ac-486a-d734-30f78c433b8c}"
EndProject
Project("{FAE04EC0-301F-11D3-BF4B-00C04F79EFBC}") = "Unity.RenderPipelines.ShaderGraph.ShaderGraphLibrary", "Unity.RenderPipelines.ShaderGraph.ShaderGraphLibrary.Player.csproj", "{777829bf-0e72-e2a3-56d3-cc00b55f84e4}"
EndProject
Project("{FAE04EC0-301F-11D3-BF4B-00C04F79EFBC}") = "Unity.RenderPipelines.Core.ShaderLibrary", "Unity.RenderPipelines.Core.ShaderLibrary.Player.csproj", "{79c2dba1-d14a-b41b-f6d7-e3f429bde104}"
EndProject
Project("{FAE04EC0-301F-11D3-BF4B-00C04F79EFBC}") = "Unity.RenderPipelines.Universal.Shaders", "Unity.RenderPipelines.Universal.Shaders.Player.csproj", "{d9a3e02b-6eec-280e-a889-9836b821f926}"
EndProject
Project("{FAE04EC0-301F-11D3-BF4B-00C04F79EFBC}") = "UnityEngine.UI.Tests", "UnityEngine.UI.Tests.csproj", "{4454ad79-49b1-d46e-0f2e-1c338adacfad}"
EndProject
Project("{FAE04EC0-301F-11D3-BF4B-00C04F79EFBC}") = "Unity.Burst.Tests.UnitTests", "Unity.Burst.Tests.UnitTests.csproj", "{0e43f853-b05e-a45d-33f9-fbfac3b6297d}"
EndProject
Project("{FAE04EC0-301F-11D3-BF4B-00C04F79EFBC}") = "UnityEditor.UI.EditorTests", "UnityEditor.UI.EditorTests.csproj", "{1ef3b133-8fce-8650-d6c2-a9f112b2a2d0}"
EndProject
Project("{FAE04EC0-301F-11D3-BF4B-00C04F79EFBC}") = "Unity.Mathematics.Tests", "Unity.Mathematics.Tests.csproj", "{d6977b71-9c12-8ee1-e479-84d085b3cc14}"
EndProject
Project("{FAE04EC0-301F-11D3-BF4B-00C04F79EFBC}") = "Unity.TextMeshPro.Tests", "Unity.TextMeshPro.Tests.csproj", "{82b3294e-43ef-f30b-7ba5-d4204ca4607f}"
EndProject
Project("{FAE04EC0-301F-11D3-BF4B-00C04F79EFBC}") = "Unity.RenderPipelines.Core.Editor.Tests", "Unity.RenderPipelines.Core.Editor.Tests.csproj", "{304b87df-7350-fcb9-7dd4-265c6cb2e130}"
EndProject
Project("{FAE04EC0-301F-11D3-BF4B-00C04F79EFBC}") = "Unity.RenderPipelines.Core.Runtime.Tests", "Unity.RenderPipelines.Core.Runtime.Tests.csproj", "{9d54c988-3e27-666d-d388-b21ed19040b1}"
EndProject
Project("{FAE04EC0-301F-11D3-BF4B-00C04F79EFBC}") = "Unity.Burst.Editor.Tests", "Unity.Burst.Editor.Tests.csproj", "{d2edc545-7875-6ce9-6823-50dc1614bcd9}"
EndProject
Project("{FAE04EC0-301F-11D3-BF4B-00C04F79EFBC}") = "Unity.Searcher.EditorTests", "Unity.Searcher.EditorTests.csproj", "{38fb2bca-2938-deee-e8a8-5e3cde826a23}"
EndProject
Project("{FAE04EC0-301F-11D3-BF4B-00C04F79EFBC}") = "Unity.RenderPipelines.Universal.Runtime.Tests", "Unity.RenderPipelines.Universal.Runtime.Tests.csproj", "{17aca1c3-a07b-70fd-b6b5-ff48c1397354}"
EndProject
Project("{FAE04EC0-301F-11D3-BF4B-00C04F79EFBC}") = "DocCodeExamples", "DocCodeExamples.csproj", "{eec18438-764f-bb33-69b5-c2fddf01a877}"
EndProject
Project("{FAE04EC0-301F-11D3-BF4B-00C04F79EFBC}") = "Unity.RenderPipelines.Universal.Editor.Tests", "Unity.RenderPipelines.Universal.Editor.Tests.csproj", "{4cb5dd54-9833-3b0f-e0fe-370b767140f6}"
EndProject
Project("{FAE04EC0-301F-11D3-BF4B-00C04F79EFBC}") = "Unity.ShaderGraph.Editor.Tests", "Unity.ShaderGraph.Editor.Tests.csproj", "{52b55ac4-5a13-40e0-6e1f-f32c1734a53e}"
EndProject
Project("{FAE04EC0-301F-11D3-BF4B-00C04F79EFBC}") = "Unity.TextMeshPro.Editor.Tests", "Unity.TextMeshPro.Editor.Tests.csproj", "{c8988124-d762-17c6-34ac-dd619bb2d763}"
EndProject
Project("{FAE04EC0-301F-11D3-BF4B-00C04F79EFBC}") = "SeparateAssembly", "SeparateAssembly.csproj", "{e98eaecf-05cc-3855-01b1-9f784987256a}"
EndProject
Project("{FAE04EC0-301F-11D3-BF4B-00C04F79EFBC}") = "OverloadedFunctionPointers", "OverloadedFunctionPointers.csproj", "{081b1cb6-6d0e-d90c-0cd8-c9c1f54fd4cb}"
EndProject
Global
	GlobalSection(SolutionConfigurationPlatforms) = preSolution
		Debug|Any CPU = Debug|Any CPU
	EndGlobalSection
	GlobalSection(ProjectConfigurationPlatforms) = postSolution
		{588c877c-1444-fdc3-5c77-ccfd55df613d}.Debug|Any CPU.ActiveCfg = Debug|Any CPU
		{588c877c-1444-fdc3-5c77-ccfd55df613d}.Debug|Any CPU.Build.0 = Debug|Any CPU
		{84220237-3aa4-d405-d19f-9f4a78d6c27d}.Debug|Any CPU.ActiveCfg = Debug|Any CPU
		{84220237-3aa4-d405-d19f-9f4a78d6c27d}.Debug|Any CPU.Build.0 = Debug|Any CPU
		{e24d252d-7174-9106-a8d6-00fb0f8e3136}.Debug|Any CPU.ActiveCfg = Debug|Any CPU
		{e24d252d-7174-9106-a8d6-00fb0f8e3136}.Debug|Any CPU.Build.0 = Debug|Any CPU
		{16bf0f0c-b27c-931f-7888-7b117525e33f}.Debug|Any CPU.ActiveCfg = Debug|Any CPU
		{16bf0f0c-b27c-931f-7888-7b117525e33f}.Debug|Any CPU.Build.0 = Debug|Any CPU
		{6f120c1d-53e2-5efc-64e5-78db1f5a8ee7}.Debug|Any CPU.ActiveCfg = Debug|Any CPU
		{6f120c1d-53e2-5efc-64e5-78db1f5a8ee7}.Debug|Any CPU.Build.0 = Debug|Any CPU
		{dd4c2ac4-dd3b-7add-788c-5d8c40bbea3a}.Debug|Any CPU.ActiveCfg = Debug|Any CPU
		{dd4c2ac4-dd3b-7add-788c-5d8c40bbea3a}.Debug|Any CPU.Build.0 = Debug|Any CPU
		{7dcc055a-4e6e-f2db-e073-962155b34840}.Debug|Any CPU.ActiveCfg = Debug|Any CPU
		{7dcc055a-4e6e-f2db-e073-962155b34840}.Debug|Any CPU.Build.0 = Debug|Any CPU
		{fe52b659-9f3a-e73b-4db6-7c1b355826ad}.Debug|Any CPU.ActiveCfg = Debug|Any CPU
		{fe52b659-9f3a-e73b-4db6-7c1b355826ad}.Debug|Any CPU.Build.0 = Debug|Any CPU
		{05fca6fc-a7d0-f5e8-df79-4feabd904075}.Debug|Any CPU.ActiveCfg = Debug|Any CPU
		{05fca6fc-a7d0-f5e8-df79-4feabd904075}.Debug|Any CPU.Build.0 = Debug|Any CPU
		{8e931bf9-07f4-f94f-a23c-53ebcb23d291}.Debug|Any CPU.ActiveCfg = Debug|Any CPU
		{8e931bf9-07f4-f94f-a23c-53ebcb23d291}.Debug|Any CPU.Build.0 = Debug|Any CPU
		{c878d7ca-0743-c5ea-424d-0e81d2971808}.Debug|Any CPU.ActiveCfg = Debug|Any CPU
		{c878d7ca-0743-c5ea-424d-0e81d2971808}.Debug|Any CPU.Build.0 = Debug|Any CPU
		{5cd85fe1-05e9-95d0-1cd2-587eb85f6f07}.Debug|Any CPU.ActiveCfg = Debug|Any CPU
		{5cd85fe1-05e9-95d0-1cd2-587eb85f6f07}.Debug|Any CPU.Build.0 = Debug|Any CPU
		{b4bd0d25-583a-9f4e-fed9-cf5e9d22c7fb}.Debug|Any CPU.ActiveCfg = Debug|Any CPU
		{b4bd0d25-583a-9f4e-fed9-cf5e9d22c7fb}.Debug|Any CPU.Build.0 = Debug|Any CPU
		{7dd95cb3-8d93-f590-e669-edb237dbd591}.Debug|Any CPU.ActiveCfg = Debug|Any CPU
		{7dd95cb3-8d93-f590-e669-edb237dbd591}.Debug|Any CPU.Build.0 = Debug|Any CPU
		{36d7a9c1-0d41-3582-406e-a627dffea832}.Debug|Any CPU.ActiveCfg = Debug|Any CPU
		{36d7a9c1-0d41-3582-406e-a627dffea832}.Debug|Any CPU.Build.0 = Debug|Any CPU
		{f2285f92-45c0-d473-aa22-60b50039a9fc}.Debug|Any CPU.ActiveCfg = Debug|Any CPU
		{f2285f92-45c0-d473-aa22-60b50039a9fc}.Debug|Any CPU.Build.0 = Debug|Any CPU
		{e2065215-294e-c5fe-9bea-cee2aca0000c}.Debug|Any CPU.ActiveCfg = Debug|Any CPU
		{e2065215-294e-c5fe-9bea-cee2aca0000c}.Debug|Any CPU.Build.0 = Debug|Any CPU
		{36fa6c54-d9e8-e24e-495f-7a753b9da456}.Debug|Any CPU.ActiveCfg = Debug|Any CPU
		{36fa6c54-d9e8-e24e-495f-7a753b9da456}.Debug|Any CPU.Build.0 = Debug|Any CPU
		{fde2bc87-f1b5-11b1-b232-b097ba0152f5}.Debug|Any CPU.ActiveCfg = Debug|Any CPU
		{fde2bc87-f1b5-11b1-b232-b097ba0152f5}.Debug|Any CPU.Build.0 = Debug|Any CPU
		{ae3c9349-2bbd-90e5-2af4-8c3ddc4c701e}.Debug|Any CPU.ActiveCfg = Debug|Any CPU
		{ae3c9349-2bbd-90e5-2af4-8c3ddc4c701e}.Debug|Any CPU.Build.0 = Debug|Any CPU
		{24d09f29-8d96-dcb5-232b-e9fe4681fdbe}.Debug|Any CPU.ActiveCfg = Debug|Any CPU
		{24d09f29-8d96-dcb5-232b-e9fe4681fdbe}.Debug|Any CPU.Build.0 = Debug|Any CPU
		{1c9205b0-e0a2-af32-f4cd-334264ee8866}.Debug|Any CPU.ActiveCfg = Debug|Any CPU
		{1c9205b0-e0a2-af32-f4cd-334264ee8866}.Debug|Any CPU.Build.0 = Debug|Any CPU
		{ac776735-2569-4b34-61b4-e864abdd8233}.Debug|Any CPU.ActiveCfg = Debug|Any CPU
		{ac776735-2569-4b34-61b4-e864abdd8233}.Debug|Any CPU.Build.0 = Debug|Any CPU
		{ad8725f9-4e32-0213-02ec-3543793d15ce}.Debug|Any CPU.ActiveCfg = Debug|Any CPU
		{ad8725f9-4e32-0213-02ec-3543793d15ce}.Debug|Any CPU.Build.0 = Debug|Any CPU
		{6f1b5871-5f54-ee18-dcae-bb5127c120be}.Debug|Any CPU.ActiveCfg = Debug|Any CPU
		{6f1b5871-5f54-ee18-dcae-bb5127c120be}.Debug|Any CPU.Build.0 = Debug|Any CPU
		{2635d633-50b4-3eba-7a97-d01f4c17f4bf}.Debug|Any CPU.ActiveCfg = Debug|Any CPU
		{2635d633-50b4-3eba-7a97-d01f4c17f4bf}.Debug|Any CPU.Build.0 = Debug|Any CPU
		{a5c30335-7cae-64dd-291e-4441ffc6e61f}.Debug|Any CPU.ActiveCfg = Debug|Any CPU
		{a5c30335-7cae-64dd-291e-4441ffc6e61f}.Debug|Any CPU.Build.0 = Debug|Any CPU
		{fdfcc51a-f081-4212-f0ad-133aeee21b91}.Debug|Any CPU.ActiveCfg = Debug|Any CPU
		{fdfcc51a-f081-4212-f0ad-133aeee21b91}.Debug|Any CPU.Build.0 = Debug|Any CPU
		{14849d52-4f6c-2b44-da9e-c13985151796}.Debug|Any CPU.ActiveCfg = Debug|Any CPU
		{14849d52-4f6c-2b44-da9e-c13985151796}.Debug|Any CPU.Build.0 = Debug|Any CPU
		{19c6fab9-6148-c205-078c-918c178147db}.Debug|Any CPU.ActiveCfg = Debug|Any CPU
		{19c6fab9-6148-c205-078c-918c178147db}.Debug|Any CPU.Build.0 = Debug|Any CPU
		{7c03f130-bc13-8479-5e52-cb405bb7f7d8}.Debug|Any CPU.ActiveCfg = Debug|Any CPU
		{7c03f130-bc13-8479-5e52-cb405bb7f7d8}.Debug|Any CPU.Build.0 = Debug|Any CPU
		{4223cb0e-b30c-c635-9be0-3f4abb57be5e}.Debug|Any CPU.ActiveCfg = Debug|Any CPU
		{4223cb0e-b30c-c635-9be0-3f4abb57be5e}.Debug|Any CPU.Build.0 = Debug|Any CPU
		{e895a5d8-48ca-322b-0230-33a9cb82b126}.Debug|Any CPU.ActiveCfg = Debug|Any CPU
		{e895a5d8-48ca-322b-0230-33a9cb82b126}.Debug|Any CPU.Build.0 = Debug|Any CPU
		{95fc5a36-c5ee-d316-920e-1f6d1162925c}.Debug|Any CPU.ActiveCfg = Debug|Any CPU
		{95fc5a36-c5ee-d316-920e-1f6d1162925c}.Debug|Any CPU.Build.0 = Debug|Any CPU
		{a5c702c1-e7d5-332e-5d39-9de610249445}.Debug|Any CPU.ActiveCfg = Debug|Any CPU
		{a5c702c1-e7d5-332e-5d39-9de610249445}.Debug|Any CPU.Build.0 = Debug|Any CPU
		{992ee1b4-3ea1-5464-e2f1-3a5c37c9fa78}.Debug|Any CPU.ActiveCfg = Debug|Any CPU
		{992ee1b4-3ea1-5464-e2f1-3a5c37c9fa78}.Debug|Any CPU.Build.0 = Debug|Any CPU
		{893ea060-6c90-d00b-6202-bb355605aeba}.Debug|Any CPU.ActiveCfg = Debug|Any CPU
		{893ea060-6c90-d00b-6202-bb355605aeba}.Debug|Any CPU.Build.0 = Debug|Any CPU
		{b3b98917-1667-dd74-5df0-22a4a1f3bbe8}.Debug|Any CPU.ActiveCfg = Debug|Any CPU
		{b3b98917-1667-dd74-5df0-22a4a1f3bbe8}.Debug|Any CPU.Build.0 = Debug|Any CPU
		{f7188663-0078-02ed-0460-01261496844d}.Debug|Any CPU.ActiveCfg = Debug|Any CPU
		{f7188663-0078-02ed-0460-01261496844d}.Debug|Any CPU.Build.0 = Debug|Any CPU
		{948521ab-f6df-825d-19ae-774f232d440b}.Debug|Any CPU.ActiveCfg = Debug|Any CPU
		{948521ab-f6df-825d-19ae-774f232d440b}.Debug|Any CPU.Build.0 = Debug|Any CPU
		{59ba17e3-9f38-1577-379b-d9d27b41b736}.Debug|Any CPU.ActiveCfg = Debug|Any CPU
		{59ba17e3-9f38-1577-379b-d9d27b41b736}.Debug|Any CPU.Build.0 = Debug|Any CPU
		{ceb7ee32-aa88-78d5-f7e1-be23bdc21b21}.Debug|Any CPU.ActiveCfg = Debug|Any CPU
		{ceb7ee32-aa88-78d5-f7e1-be23bdc21b21}.Debug|Any CPU.Build.0 = Debug|Any CPU
		{edd3867a-11f7-3e4f-63ac-35b4c7312889}.Debug|Any CPU.ActiveCfg = Debug|Any CPU
		{edd3867a-11f7-3e4f-63ac-35b4c7312889}.Debug|Any CPU.Build.0 = Debug|Any CPU
		{ef521c36-843d-db33-694c-5c95166919dc}.Debug|Any CPU.ActiveCfg = Debug|Any CPU
		{ef521c36-843d-db33-694c-5c95166919dc}.Debug|Any CPU.Build.0 = Debug|Any CPU
		{df470e1f-f96f-69a8-48b0-84a25228890a}.Debug|Any CPU.ActiveCfg = Debug|Any CPU
		{df470e1f-f96f-69a8-48b0-84a25228890a}.Debug|Any CPU.Build.0 = Debug|Any CPU
		{8b426a7c-2bf2-bcee-8fc0-179e6d917957}.Debug|Any CPU.ActiveCfg = Debug|Any CPU
		{8b426a7c-2bf2-bcee-8fc0-179e6d917957}.Debug|Any CPU.Build.0 = Debug|Any CPU
		{51f30ba1-c5db-7714-fc49-6d3084dac8f4}.Debug|Any CPU.ActiveCfg = Debug|Any CPU
		{51f30ba1-c5db-7714-fc49-6d3084dac8f4}.Debug|Any CPU.Build.0 = Debug|Any CPU
		{fcbe46d6-804e-6ad8-fb39-704ff8fb958b}.Debug|Any CPU.ActiveCfg = Debug|Any CPU
		{fcbe46d6-804e-6ad8-fb39-704ff8fb958b}.Debug|Any CPU.Build.0 = Debug|Any CPU
		{84094e26-12db-4dba-6f64-e7d933a85ea7}.Debug|Any CPU.ActiveCfg = Debug|Any CPU
		{84094e26-12db-4dba-6f64-e7d933a85ea7}.Debug|Any CPU.Build.0 = Debug|Any CPU
		{5d6768ad-4fb7-9384-d8d7-3c2a0e1494b0}.Debug|Any CPU.ActiveCfg = Debug|Any CPU
		{5d6768ad-4fb7-9384-d8d7-3c2a0e1494b0}.Debug|Any CPU.Build.0 = Debug|Any CPU
		{2c6834b6-faba-0b9f-be67-b3edad0050f4}.Debug|Any CPU.ActiveCfg = Debug|Any CPU
		{2c6834b6-faba-0b9f-be67-b3edad0050f4}.Debug|Any CPU.Build.0 = Debug|Any CPU
		{a351aea8-5625-528e-a51c-109c7c9043bd}.Debug|Any CPU.ActiveCfg = Debug|Any CPU
		{a351aea8-5625-528e-a51c-109c7c9043bd}.Debug|Any CPU.Build.0 = Debug|Any CPU
		{7a3520f5-00ac-486a-d734-30f78c433b8c}.Debug|Any CPU.ActiveCfg = Debug|Any CPU
		{7a3520f5-00ac-486a-d734-30f78c433b8c}.Debug|Any CPU.Build.0 = Debug|Any CPU
		{777829bf-0e72-e2a3-56d3-cc00b55f84e4}.Debug|Any CPU.ActiveCfg = Debug|Any CPU
		{777829bf-0e72-e2a3-56d3-cc00b55f84e4}.Debug|Any CPU.Build.0 = Debug|Any CPU
		{79c2dba1-d14a-b41b-f6d7-e3f429bde104}.Debug|Any CPU.ActiveCfg = Debug|Any CPU
		{79c2dba1-d14a-b41b-f6d7-e3f429bde104}.Debug|Any CPU.Build.0 = Debug|Any CPU
		{d9a3e02b-6eec-280e-a889-9836b821f926}.Debug|Any CPU.ActiveCfg = Debug|Any CPU
		{d9a3e02b-6eec-280e-a889-9836b821f926}.Debug|Any CPU.Build.0 = Debug|Any CPU
		{4454ad79-49b1-d46e-0f2e-1c338adacfad}.Debug|Any CPU.ActiveCfg = Debug|Any CPU
		{4454ad79-49b1-d46e-0f2e-1c338adacfad}.Debug|Any CPU.Build.0 = Debug|Any CPU
		{0e43f853-b05e-a45d-33f9-fbfac3b6297d}.Debug|Any CPU.ActiveCfg = Debug|Any CPU
		{0e43f853-b05e-a45d-33f9-fbfac3b6297d}.Debug|Any CPU.Build.0 = Debug|Any CPU
		{1ef3b133-8fce-8650-d6c2-a9f112b2a2d0}.Debug|Any CPU.ActiveCfg = Debug|Any CPU
		{1ef3b133-8fce-8650-d6c2-a9f112b2a2d0}.Debug|Any CPU.Build.0 = Debug|Any CPU
		{d6977b71-9c12-8ee1-e479-84d085b3cc14}.Debug|Any CPU.ActiveCfg = Debug|Any CPU
		{d6977b71-9c12-8ee1-e479-84d085b3cc14}.Debug|Any CPU.Build.0 = Debug|Any CPU
		{82b3294e-43ef-f30b-7ba5-d4204ca4607f}.Debug|Any CPU.ActiveCfg = Debug|Any CPU
		{82b3294e-43ef-f30b-7ba5-d4204ca4607f}.Debug|Any CPU.Build.0 = Debug|Any CPU
		{304b87df-7350-fcb9-7dd4-265c6cb2e130}.Debug|Any CPU.ActiveCfg = Debug|Any CPU
		{304b87df-7350-fcb9-7dd4-265c6cb2e130}.Debug|Any CPU.Build.0 = Debug|Any CPU
		{9d54c988-3e27-666d-d388-b21ed19040b1}.Debug|Any CPU.ActiveCfg = Debug|Any CPU
		{9d54c988-3e27-666d-d388-b21ed19040b1}.Debug|Any CPU.Build.0 = Debug|Any CPU
		{d2edc545-7875-6ce9-6823-50dc1614bcd9}.Debug|Any CPU.ActiveCfg = Debug|Any CPU
		{d2edc545-7875-6ce9-6823-50dc1614bcd9}.Debug|Any CPU.Build.0 = Debug|Any CPU
		{38fb2bca-2938-deee-e8a8-5e3cde826a23}.Debug|Any CPU.ActiveCfg = Debug|Any CPU
		{38fb2bca-2938-deee-e8a8-5e3cde826a23}.Debug|Any CPU.Build.0 = Debug|Any CPU
		{17aca1c3-a07b-70fd-b6b5-ff48c1397354}.Debug|Any CPU.ActiveCfg = Debug|Any CPU
		{17aca1c3-a07b-70fd-b6b5-ff48c1397354}.Debug|Any CPU.Build.0 = Debug|Any CPU
		{eec18438-764f-bb33-69b5-c2fddf01a877}.Debug|Any CPU.ActiveCfg = Debug|Any CPU
		{eec18438-764f-bb33-69b5-c2fddf01a877}.Debug|Any CPU.Build.0 = Debug|Any CPU
		{4cb5dd54-9833-3b0f-e0fe-370b767140f6}.Debug|Any CPU.ActiveCfg = Debug|Any CPU
		{4cb5dd54-9833-3b0f-e0fe-370b767140f6}.Debug|Any CPU.Build.0 = Debug|Any CPU
		{52b55ac4-5a13-40e0-6e1f-f32c1734a53e}.Debug|Any CPU.ActiveCfg = Debug|Any CPU
		{52b55ac4-5a13-40e0-6e1f-f32c1734a53e}.Debug|Any CPU.Build.0 = Debug|Any CPU
		{c8988124-d762-17c6-34ac-dd619bb2d763}.Debug|Any CPU.ActiveCfg = Debug|Any CPU
		{c8988124-d762-17c6-34ac-dd619bb2d763}.Debug|Any CPU.Build.0 = Debug|Any CPU
		{e98eaecf-05cc-3855-01b1-9f784987256a}.Debug|Any CPU.ActiveCfg = Debug|Any CPU
		{e98eaecf-05cc-3855-01b1-9f784987256a}.Debug|Any CPU.Build.0 = Debug|Any CPU
		{081b1cb6-6d0e-d90c-0cd8-c9c1f54fd4cb}.Debug|Any CPU.ActiveCfg = Debug|Any CPU
		{081b1cb6-6d0e-d90c-0cd8-c9c1f54fd4cb}.Debug|Any CPU.Build.0 = Debug|Any CPU
	EndGlobalSection
	GlobalSection(SolutionProperties) = preSolution
		HideSolutionNode = FALSE
	EndGlobalSection
EndGlobal
